
Microsoft Visual Studio Solution File, Format Version 12.00
# Visual Studio Version 16
VisualStudioVersion = 16.0.31702.278
MinimumVisualStudioVersion = 10.0.40219.1
Project("{FAE04EC0-301F-11D3-BF4B-00C04F79EFBC}") = "SportShop", "SportShop\SportShop.csproj", "{397D24E2-8D0A-42CC-BF74-2221C3387C7C}"
EndProject
Global
	GlobalSection(SolutionConfigurationPlatforms) = preSolution
		Debug|Any CPU = Debug|Any CPU
		Release|Any CPU = Release|Any CPU
	EndGlobalSection
	GlobalSection(ProjectConfigurationPlatforms) = postSolution
		{397D24E2-8D0A-42CC-BF74-2221C3387C7C}.Debug|Any CPU.ActiveCfg = Debug|Any CPU
		{397D24E2-8D0A-42CC-BF74-2221C3387C7C}.Debug|Any CPU.Build.0 = Debug|Any CPU
		{397D24E2-8D0A-42CC-BF74-2221C3387C7C}.Release|Any CPU.ActiveCfg = Release|Any CPU
		{397D24E2-8D0A-42CC-BF74-2221C3387C7C}.Release|Any CPU.Build.0 = Release|Any CPU
	EndGlobalSection
	GlobalSection(SolutionProperties) = preSolution
		HideSolutionNode = FALSE
	EndGlobalSection
	GlobalSection(ExtensibilityGlobals) = postSolution
		SolutionGuid = {BFCCD3FE-475E-43BF-AADE-9782DF7EA895}
	EndGlobalSection
EndGlobal
